<Solution>
  <Folder Name="/SolutionItems/">
    <File Path="first-claude-promt.txt" />
  </Folder>
  <Project Path="frontend/frontend.esproj">
    <Build />
    <Deploy />
  </Project>
  <Project Path="HealthTracker.AppHost/HealthTracker.AppHost.csproj" />
  <Project Path="HealthTracker.Server/HealthTracker.Server.csproj" />
</Solution>
